// !$*UTF8*$!
{
	archiveVersion = 1;
	classes = {
	};
	objectVersion = 46;
	objects = {

/* Begin PBXBuildFile section */
		1AA1A79619BFEDA0008A4C32 /* Foundation.framework in Frameworks */ = {isa = PBXBuildFile; fileRef = 1AA1A79519BFEDA0008A4C32 /* Foundation.framework */; };
		1AA1A79819BFEDA0008A4C32 /* CoreGraphics.framework in Frameworks */ = {isa = PBXBuildFile; fileRef = 1AA1A79719BFEDA0008A4C32 /* CoreGraphics.framework */; };
		1AA1A79A19BFEDA0008A4C32 /* UIKit.framework in Frameworks */ = {isa = PBXBuildFile; fileRef = 1AA1A79919BFEDA0008A4C32 /* UIKit.framework */; };
		1AA1A7A019BFEDA0008A4C32 /* InfoPlist.strings in Resources */ = {isa = PBXBuildFile; fileRef = 1AA1A79E19BFEDA0008A4C32 /* InfoPlist.strings */; };
		1AA1A7A219BFEDA0008A4C32 /* main.m in Sources */ = {isa = PBXBuildFile; fileRef = 1AA1A7A119BFEDA0008A4C32 /* main.m */; };
		1AA1A7A619BFEDA0008A4C32 /* TKAppDelegate.m in Sources */ = {isa = PBXBuildFile; fileRef = 1AA1A7A519BFEDA0008A4C32 /* TKAppDelegate.m */; };
		1AA1A7A919BFEDA0008A4C32 /* Main.storyboard in Resources */ = {isa = PBXBuildFile; fileRef = 1AA1A7A719BFEDA0008A4C32 /* Main.storyboard */; };
		1AA1A7AC19BFEDA0008A4C32 /* TKViewController.m in Sources */ = {isa = PBXBuildFile; fileRef = 1AA1A7AB19BFEDA0008A4C32 /* TKViewController.m */; };
		1AA1A7AE19BFEDA0008A4C32 /* Images.xcassets in Resources */ = {isa = PBXBuildFile; fileRef = 1AA1A7AD19BFEDA0008A4C32 /* Images.xcassets */; };
		1AA1A7B519BFEDA0008A4C32 /* XCTest.framework in Frameworks */ = {isa = PBXBuildFile; fileRef = 1AA1A7B419BFEDA0008A4C32 /* XCTest.framework */; };
		1AA1A7B619BFEDA0008A4C32 /* Foundation.framework in Frameworks */ = {isa = PBXBuildFile; fileRef = 1AA1A79519BFEDA0008A4C32 /* Foundation.framework */; };
		1AA1A7B719BFEDA0008A4C32 /* UIKit.framework in Frameworks */ = {isa = PBXBuildFile; fileRef = 1AA1A79919BFEDA0008A4C32 /* UIKit.framework */; };
		1AA1A7BF19BFEDA0008A4C32 /* InfoPlist.strings in Resources */ = {isa = PBXBuildFile; fileRef = 1AA1A7BD19BFEDA0008A4C32 /* InfoPlist.strings */; };
		1AA1A7C119BFEDA0008A4C32 /* TestUITableViewTests.m in Sources */ = {isa = PBXBuildFile; fileRef = 1AA1A7C019BFEDA0008A4C32 /* TestUITableViewTests.m */; };
/* End PBXBuildFile section */

/* Begin PBXContainerItemProxy section */
		1AA1A7B819BFEDA0008A4C32 /* PBXContainerItemProxy */ = {
			isa = PBXContainerItemProxy;
			containerPortal = 1AA1A78A19BFEDA0008A4C32 /* Project object */;
			proxyType = 1;
			remoteGlobalIDString = 1AA1A79119BFEDA0008A4C32;
			remoteInfo = TestUITableView;
		};
/* End PBXContainerItemProxy section */

/* Begin PBXFileReference section */
		1AA1A79219BFEDA0008A4C32 /* TestUITableView.app */ = {isa = PBXFileReference; explicitFileType = wrapper.application; includeInIndex = 0; path = TestUITableView.app; sourceTree = BUILT_PRODUCTS_DIR; };
		1AA1A79519BFEDA0008A4C32 /* Foundation.framework */ = {isa = PBXFileReference; lastKnownFileType = wrapper.framework; name = Foundation.framework; path = System/Library/Frameworks/Foundation.framework; sourceTree = SDKROOT; };
		1AA1A79719BFEDA0008A4C32 /* CoreGraphics.framework */ = {isa = PBXFileReference; lastKnownFileType = wrapper.framework; name = CoreGraphics.framework; path = System/Library/Frameworks/CoreGraphics.framework; sourceTree = SDKROOT; };
		1AA1A79919BFEDA0008A4C32 /* UIKit.framework */ = {isa = PBXFileReference; lastKnownFileType = wrapper.framework; name = UIKit.framework; path = System/Library/Frameworks/UIKit.framework; sourceTree = SDKROOT; };
		1AA1A79D19BFEDA0008A4C32 /* TestUITableView-Info.plist */ = {isa = PBXFileReference; lastKnownFileType = text.plist.xml; path = "TestUITableView-Info.plist"; sourceTree = "<group>"; };
		1AA1A79F19BFEDA0008A4C32 /* en */ = {isa = PBXFileReference; lastKnownFileType = text.plist.strings; name = en; path = en.lproj/InfoPlist.strings; sourceTree = "<group>"; };
		1AA1A7A119BFEDA0008A4C32 /* main.m */ = {isa = PBXFileReference; lastKnownFileType = sourcecode.c.objc; path = main.m; sourceTree = "<group>"; };
		1AA1A7A319BFEDA0008A4C32 /* TestUITableView-Prefix.pch */ = {isa = PBXFileReference; lastKnownFileType = sourcecode.c.h; path = "TestUITableView-Prefix.pch"; sourceTree = "<group>"; };
		1AA1A7A419BFEDA0008A4C32 /* TKAppDelegate.h */ = {isa = PBXFileReference; lastKnownFileType = sourcecode.c.h; path = TKAppDelegate.h; sourceTree = "<group>"; };
		1AA1A7A519BFEDA0008A4C32 /* TKAppDelegate.m */ = {isa = PBXFileReference; lastKnownFileType = sourcecode.c.objc; path = TKAppDelegate.m; sourceTree = "<group>"; };
		1AA1A7A819BFEDA0008A4C32 /* Base */ = {isa = PBXFileReference; lastKnownFileType = file.storyboard; name = Base; path = Base.lproj/Main.storyboard; sourceTree = "<group>"; };
		1AA1A7AA19BFEDA0008A4C32 /* TKViewController.h */ = {isa = PBXFileReference; lastKnownFileType = sourcecode.c.h; path = TKViewController.h; sourceTree = "<group>"; };
		1AA1A7AB19BFEDA0008A4C32 /* TKViewController.m */ = {isa = PBXFileReference; lastKnownFileType = sourcecode.c.objc; path = TKViewController.m; sourceTree = "<group>"; };
		1AA1A7AD19BFEDA0008A4C32 /* Images.xcassets */ = {isa = PBXFileReference; lastKnownFileType = folder.assetcatalog; path = Images.xcassets; sourceTree = "<group>"; };
		1AA1A7B319BFEDA0008A4C32 /* TestUITableViewTests.xctest */ = {isa = PBXFileReference; explicitFileType = wrapper.cfbundle; includeInIndex = 0; path = TestUITableViewTests.xctest; sourceTree = BUILT_PRODUCTS_DIR; };
		1AA1A7B419BFEDA0008A4C32 /* XCTest.framework */ = {isa = PBXFileReference; lastKnownFileType = wrapper.framework; name = XCTest.framework; path = Library/Frameworks/XCTest.framework; sourceTree = DEVELOPER_DIR; };
		1AA1A7BC19BFEDA0008A4C32 /* TestUITableViewTests-Info.plist */ = {isa = PBXFileReference; lastKnownFileType = text.plist.xml; path = "TestUITableViewTests-Info.plist"; sourceTree = "<group>"; };
		1AA1A7BE19BFEDA0008A4C32 /* en */ = {isa = PBXFileReference; lastKnownFileType = text.plist.strings; name = en; path = en.lproj/InfoPlist.strings; sourceTree = "<group>"; };
		1AA1A7C019BFEDA0008A4C32 /* TestUITableViewTests.m */ = {isa = PBXFileReference; lastKnownFileType = sourcecode.c.objc; path = TestUITableViewTests.m; sourceTree = "<group>"; };
/* End PBXFileReference section */

/* Begin PBXFrameworksBuildPhase section */
		1AA1A78F19BFEDA0008A4C32 /* Frameworks */ = {
			isa = PBXFrameworksBuildPhase;
			buildActionMask = 2147483647;
			files = (
				1AA1A79819BFEDA0008A4C32 /* CoreGraphics.framework in Frameworks */,
				1AA1A79A19BFEDA0008A4C32 /* UIKit.framework in Frameworks */,
				1AA1A79619BFEDA0008A4C32 /* Foundation.framework in Frameworks */,
			);
			runOnlyForDeploymentPostprocessing = 0;
		};
		1AA1A7B019BFEDA0008A4C32 /* Frameworks */ = {
			isa = PBXFrameworksBuildPhase;
			buildActionMask = 2147483647;
			files = (
				1AA1A7B519BFEDA0008A4C32 /* XCTest.framework in Frameworks */,
				1AA1A7B719BFEDA0008A4C32 /* UIKit.framework in Frameworks */,
				1AA1A7B619BFEDA0008A4C32 /* Foundation.framework in Frameworks */,
			);
			runOnlyForDeploymentPostprocessing = 0;
		};
/* End PBXFrameworksBuildPhase section */

/* Begin PBXGroup section */
		1AA1A78919BFEDA0008A4C32 = {
			isa = PBXGroup;
			children = (
				1AA1A79B19BFEDA0008A4C32 /* TestUITableView */,
				1AA1A7BA19BFEDA0008A4C32 /* TestUITableViewTests */,
				1AA1A79419BFEDA0008A4C32 /* Frameworks */,
				1AA1A79319BFEDA0008A4C32 /* Products */,
			);
			sourceTree = "<group>";
		};
		1AA1A79319BFEDA0008A4C32 /* Products */ = {
			isa = PBXGroup;
			children = (
				1AA1A79219BFEDA0008A4C32 /* TestUITableView.app */,
				1AA1A7B319BFEDA0008A4C32 /* TestUITableViewTests.xctest */,
			);
			name = Products;
			sourceTree = "<group>";
		};
		1AA1A79419BFEDA0008A4C32 /* Frameworks */ = {
			isa = PBXGroup;
			children = (
				1AA1A79519BFEDA0008A4C32 /* Foundation.framework */,
				1AA1A79719BFEDA0008A4C32 /* CoreGraphics.framework */,
				1AA1A79919BFEDA0008A4C32 /* UIKit.framework */,
				1AA1A7B419BFEDA0008A4C32 /* XCTest.framework */,
			);
			name = Frameworks;
			sourceTree = "<group>";
		};
		1AA1A79B19BFEDA0008A4C32 /* TestUITableView */ = {
			isa = PBXGroup;
			children = (
				1AA1A7A419BFEDA0008A4C32 /* TKAppDelegate.h */,
				1AA1A7A519BFEDA0008A4C32 /* TKAppDelegate.m */,
				1AA1A7A719BFEDA0008A4C32 /* Main.storyboard */,
				1AA1A7AA19BFEDA0008A4C32 /* TKViewController.h */,
				1AA1A7AB19BFEDA0008A4C32 /* TKViewController.m */,
				1AA1A7AD19BFEDA0008A4C32 /* Images.xcassets */,
				1AA1A79C19BFEDA0008A4C32 /* Supporting Files */,
			);
			path = TestUITableView;
			sourceTree = "<group>";
		};
		1AA1A79C19BFEDA0008A4C32 /* Supporting Files */ = {
			isa = PBXGroup;
			children = (
				1AA1A79D19BFEDA0008A4C32 /* TestUITableView-Info.plist */,
				1AA1A79E19BFEDA0008A4C32 /* InfoPlist.strings */,
				1AA1A7A119BFEDA0008A4C32 /* main.m */,
				1AA1A7A319BFEDA0008A4C32 /* TestUITableView-Prefix.pch */,
			);
			name = "Supporting Files";
			sourceTree = "<group>";
		};
		1AA1A7BA19BFEDA0008A4C32 /* TestUITableViewTests */ = {
			isa = PBXGroup;
			children = (
				1AA1A7C019BFEDA0008A4C32 /* TestUITableViewTests.m */,
				1AA1A7BB19BFEDA0008A4C32 /* Supporting Files */,
			);
			path = TestUITableViewTests;
			sourceTree = "<group>";
		};
		1AA1A7BB19BFEDA0008A4C32 /* Supporting Files */ = {
			isa = PBXGroup;
			children = (
				1AA1A7BC19BFEDA0008A4C32 /* TestUITableViewTests-Info.plist */,
				1AA1A7BD19BFEDA0008A4C32 /* InfoPlist.strings */,
			);
			name = "Supporting Files";
			sourceTree = "<group>";
		};
/* End PBXGroup section */

/* Begin PBXNativeTarget section */
		1AA1A79119BFEDA0008A4C32 /* TestUITableView */ = {
			isa = PBXNativeTarget;
			buildConfigurationList = 1AA1A7C419BFEDA0008A4C32 /* Build configuration list for PBXNativeTarget "TestUITableView" */;
			buildPhases = (
				1AA1A78E19BFEDA0008A4C32 /* Sources */,
				1AA1A78F19BFEDA0008A4C32 /* Frameworks */,
				1AA1A79019BFEDA0008A4C32 /* Resources */,
			);
			buildRules = (
			);
			dependencies = (
			);
			name = TestUITableView;
			productName = TestUITableView;
			productReference = 1AA1A79219BFEDA0008A4C32 /* TestUITableView.app */;
			productType = "com.apple.product-type.application";
		};
		1AA1A7B219BFEDA0008A4C32 /* TestUITableViewTests */ = {
			isa = PBXNativeTarget;
			buildConfigurationList = 1AA1A7C719BFEDA0008A4C32 /* Build configuration list for PBXNativeTarget "TestUITableViewTests" */;
			buildPhases = (
				1AA1A7AF19BFEDA0008A4C32 /* Sources */,
				1AA1A7B019BFEDA0008A4C32 /* Frameworks */,
				1AA1A7B119BFEDA0008A4C32 /* Resources */,
			);
			buildRules = (
			);
			dependencies = (
				1AA1A7B919BFEDA0008A4C32 /* PBXTargetDependency */,
			);
			name = TestUITableViewTests;
			productName = TestUITableViewTests;
			productReference = 1AA1A7B319BFEDA0008A4C32 /* TestUITableViewTests.xctest */;
			productType = "com.apple.product-type.bundle.unit-test";
		};
/* End PBXNativeTarget section */

/* Begin PBXProject section */
		1AA1A78A19BFEDA0008A4C32 /* Project object */ = {
			isa = PBXProject;
			attributes = {
				CLASSPREFIX = TK;
				LastUpgradeCheck = 0510;
				ORGANIZATIONNAME = "Ke Tang";
				TargetAttributes = {
					1AA1A7B219BFEDA0008A4C32 = {
						TestTargetID = 1AA1A79119BFEDA0008A4C32;
					};
				};
			};
			buildConfigurationList = 1AA1A78D19BFEDA0008A4C32 /* Build configuration list for PBXProject "TestUITableView" */;
			compatibilityVersion = "Xcode 3.2";
			developmentRegion = English;
			hasScannedForEncodings = 0;
			knownRegions = (
				en,
				Base,
			);
			mainGroup = 1AA1A78919BFEDA0008A4C32;
			productRefGroup = 1AA1A79319BFEDA0008A4C32 /* Products */;
			projectDirPath = "";
			projectRoot = "";
			targets = (
				1AA1A79119BFEDA0008A4C32 /* TestUITableView */,
				1AA1A7B219BFEDA0008A4C32 /* TestUITableViewTests */,
			);
		};
/* End PBXProject section */

/* Begin PBXResourcesBuildPhase section */
		1AA1A79019BFEDA0008A4C32 /* Resources */ = {
			isa = PBXResourcesBuildPhase;
			buildActionMask = 2147483647;
			files = (
				1AA1A7AE19BFEDA0008A4C32 /* Images.xcassets in Resources */,
				1AA1A7A019BFEDA0008A4C32 /* InfoPlist.strings in Resources */,
				1AA1A7A919BFEDA0008A4C32 /* Main.storyboard in Resources */,
			);
			runOnlyForDeploymentPostprocessing = 0;
		};
		1AA1A7B119BFEDA0008A4C32 /* Resources */ = {
			isa = PBXResourcesBuildPhase;
			buildActionMask = 2147483647;
			files = (
				1AA1A7BF19BFEDA0008A4C32 /* InfoPlist.strings in Resources */,
			);
			runOnlyForDeploymentPostprocessing = 0;
		};
/* End PBXResourcesBuildPhase section */

/* Begin PBXSourcesBuildPhase section */
		1AA1A78E19BFEDA0008A4C32 /* Sources */ = {
			isa = PBXSourcesBuildPhase;
			buildActionMask = 2147483647;
			files = (
				1AA1A7AC19BFEDA0008A4C32 /* TKViewController.m in Sources */,
				1AA1A7A219BFEDA0008A4C32 /* main.m in Sources */,
				1AA1A7A619BFEDA0008A4C32 /* TKAppDelegate.m in Sources */,
			);
			runOnlyForDeploymentPostprocessing = 0;
		};
		1AA1A7AF19BFEDA0008A4C32 /* Sources */ = {
			isa = PBXSourcesBuildPhase;
			buildActionMask = 2147483647;
			files = (
				1AA1A7C119BFEDA0008A4C32 /* TestUITableViewTests.m in Sources */,
			);
			runOnlyForDeploymentPostprocessing = 0;
		};
/* End PBXSourcesBuildPhase section */

/* Begin PBXTargetDependency section */
		1AA1A7B919BFEDA0008A4C32 /* PBXTargetDependency */ = {
			isa = PBXTargetDependency;
			target = 1AA1A79119BFEDA0008A4C32 /* TestUITableView */;
			targetProxy = 1AA1A7B819BFEDA0008A4C32 /* PBXContainerItemProxy */;
		};
/* End PBXTargetDependency section */

/* Begin PBXVariantGroup section */
		1AA1A79E19BFEDA0008A4C32 /* InfoPlist.strings */ = {
			isa = PBXVariantGroup;
			children = (
				1AA1A79F19BFEDA0008A4C32 /* en */,
			);
			name = InfoPlist.strings;
			sourceTree = "<group>";
		};
		1AA1A7A719BFEDA0008A4C32 /* Main.storyboard */ = {
			isa = PBXVariantGroup;
			children = (
				1AA1A7A819BFEDA0008A4C32 /* Base */,
			);
			name = Main.storyboard;
			sourceTree = "<group>";
		};
		1AA1A7BD19BFEDA0008A4C32 /* InfoPlist.strings */ = {
			isa = PBXVariantGroup;
			children = (
				1AA1A7BE19BFEDA0008A4C32 /* en */,
			);
			name = InfoPlist.strings;
			sourceTree = "<group>";
		};
/* End PBXVariantGroup section */

/* Begin XCBuildConfiguration section */
		1AA1A7C219BFEDA0008A4C32 /* Debug */ = {
			isa = XCBuildConfiguration;
			buildSettings = {
				ALWAYS_SEARCH_USER_PATHS = NO;
				CLANG_CXX_LANGUAGE_STANDARD = "gnu++0x";
				CLANG_CXX_LIBRARY = "libc++";
				CLANG_ENABLE_MODULES = YES;
				CLANG_ENABLE_OBJC_ARC = YES;
				CLANG_WARN_BOOL_CONVERSION = YES;
				CLANG_WARN_CONSTANT_CONVERSION = YES;
				CLANG_WARN_DIRECT_OBJC_ISA_USAGE = YES_ERROR;
				CLANG_WARN_EMPTY_BODY = YES;
				CLANG_WARN_ENUM_CONVERSION = YES;
				CLANG_WARN_INT_CONVERSION = YES;
				CLANG_WARN_OBJC_ROOT_CLASS = YES_ERROR;
				CLANG_WARN__DUPLICATE_METHOD_MATCH = YES;
				"CODE_SIGN_IDENTITY[sdk=iphoneos*]" = "iPhone Developer";
				COPY_PHASE_STRIP = NO;
				GCC_C_LANGUAGE_STANDARD = gnu99;
				GCC_DYNAMIC_NO_PIC = NO;
				GCC_OPTIMIZATION_LEVEL = 0;
				GCC_PREPROCESSOR_DEFINITIONS = (
					"DEBUG=1",
					"$(inherited)",
				);
				GCC_SYMBOLS_PRIVATE_EXTERN = NO;
				GCC_WARN_64_TO_32_BIT_CONVERSION = YES;
				GCC_WARN_ABOUT_RETURN_TYPE = YES_ERROR;
				GCC_WARN_UNDECLARED_SELECTOR = YES;
				GCC_WARN_UNINITIALIZED_AUTOS = YES_AGGRESSIVE;
				GCC_WARN_UNUSED_FUNCTION = YES;
				GCC_WARN_UNUSED_VARIABLE = YES;
				IPHONEOS_DEPLOYMENT_TARGET = 7.1;
				ONLY_ACTIVE_ARCH = YES;
				SDKROOT = iphoneos;
			};
			name = Debug;
		};
		1AA1A7C319BFEDA0008A4C32 /* Release */ = {
			isa = XCBuildConfiguration;
			buildSettings = {
				ALWAYS_SEARCH_USER_PATHS = NO;
				CLANG_CXX_LANGUAGE_STANDARD = "gnu++0x";
				CLANG_CXX_LIBRARY = "libc++";
				CLANG_ENABLE_MODULES = YES;
				CLANG_ENABLE_OBJC_ARC = YES;
				CLANG_WARN_BOOL_CONVERSION = YES;
				CLANG_WARN_CONSTANT_CONVERSION = YES;
				CLANG_WARN_DIRECT_OBJC_ISA_USAGE = YES_ERROR;
				CLANG_WARN_EMPTY_BODY = YES;
				CLANG_WARN_ENUM_CONVERSION = YES;
				CLANG_WARN_INT_CONVERSION = YES;
				CLANG_WARN_OBJC_ROOT_CLASS = YES_ERROR;
				CLANG_WARN__DUPLICATE_METHOD_MATCH = YES;
				"CODE_SIGN_IDENTITY[sdk=iphoneos*]" = "iPhone Developer";
				COPY_PHASE_STRIP = YES;
				ENABLE_NS_ASSERTIONS = NO;
				GCC_C_LANGUAGE_STANDARD = gnu99;
				GCC_WARN_64_TO_32_BIT_CONVERSION = YES;
				GCC_WARN_ABOUT_RETURN_TYPE = YES_ERROR;
				GCC_WARN_UNDECLARED_SELECTOR = YES;
				GCC_WARN_UNINITIALIZED_AUTOS = YES_AGGRESSIVE;
				GCC_WARN_UNUSED_FUNCTION = YES;
				GCC_WARN_UNUSED_VARIABLE = YES;
				IPHONEOS_DEPLOYMENT_TARGET = 7.1;
				SDKROOT = iphoneos;
				VALIDATE_PRODUCT = YES;
			};
			name = Release;
		};
		1AA1A7C519BFEDA0008A4C32 /* Debug */ = {
			isa = XCBuildConfiguration;
			buildSettings = {
				ASSETCATALOG_COMPILER_APPICON_NAME = AppIcon;
				ASSETCATALOG_COMPILER_LAUNCHIMAGE_NAME = LaunchImage;
				GCC_PRECOMPILE_PREFIX_HEADER = YES;
				GCC_PREFIX_HEADER = "TestUITableView/TestUITableView-Prefix.pch";
				INFOPLIST_FILE = "TestUITableView/TestUITableView-Info.plist";
				PRODUCT_NAME = "$(TARGET_NAME)";
				WRAPPER_EXTENSION = app;
			};
			name = Debug;
		};
		1AA1A7C619BFEDA0008A4C32 /* Release */ = {
			isa = XCBuildConfiguration;
			buildSettings = {
				ASSETCATALOG_COMPILER_APPICON_NAME = AppIcon;
				ASSETCATALOG_COMPILER_LAUNCHIMAGE_NAME = LaunchImage;
				GCC_PRECOMPILE_PREFIX_HEADER = YES;
				GCC_PREFIX_HEADER = "TestUITableView/TestUITableView-Prefix.pch";
				INFOPLIST_FILE = "TestUITableView/TestUITableView-Info.plist";
				PRODUCT_NAME = "$(TARGET_NAME)";
				WRAPPER_EXTENSION = app;
			};
			name = Release;
		};
		1AA1A7C819BFEDA0008A4C32 /* Debug */ = {
			isa = XCBuildConfiguration;
			buildSettings = {
				BUNDLE_LOADER = "$(BUILT_PRODUCTS_DIR)/TestUITableView.app/TestUITableView";
				FRAMEWORK_SEARCH_PATHS = (
					"$(SDKROOT)/Developer/Library/Frameworks",
					"$(inherited)",
					"$(DEVELOPER_FRAMEWORKS_DIR)",
				);
				GCC_PRECOMPILE_PREFIX_HEADER = YES;
				GCC_PREFIX_HEADER = "TestUITableView/TestUITableView-Prefix.pch";
				GCC_PREPROCESSOR_DEFINITIONS = (
					"DEBUG=1",
					"$(inherited)",
				);
				INFOPLIST_FILE = "TestUITableViewTests/TestUITableViewTests-Info.plist";
				PRODUCT_NAME = "$(TARGET_NAME)";
				TEST_HOST = "$(BUNDLE_LOADER)";
				WRAPPER_EXTENSION = xctest;
			};
			name = Debug;
		};
		1AA1A7C919BFEDA0008A4C32 /* Release */ = {
			isa = XCBuildConfiguration;
			buildSettings = {
				BUNDLE_LOADER = "$(BUILT_PRODUCTS_DIR)/TestUITableView.app/TestUITableView";
				FRAMEWORK_SEARCH_PATHS = (
					"$(SDKROOT)/Developer/Library/Frameworks",
					"$(inherited)",
					"$(DEVELOPER_FRAMEWORKS_DIR)",
				);
				GCC_PRECOMPILE_PREFIX_HEADER = YES;
				GCC_PREFIX_HEADER = "TestUITableView/TestUITableView-Prefix.pch";
				INFOPLIST_FILE = "TestUITableViewTests/TestUITableViewTests-Info.plist";
				PRODUCT_NAME = "$(TARGET_NAME)";
				TEST_HOST = "$(BUNDLE_LOADER)";
				WRAPPER_EXTENSION = xctest;
			};
			name = Release;
		};
/* End XCBuildConfiguration section */

/* Begin XCConfigurationList section */
		1AA1A78D19BFEDA0008A4C32 /* Build configuration list for PBXProject "TestUITableView" */ = {
			isa = XCConfigurationList;
			buildConfigurations = (
				1AA1A7C219BFEDA0008A4C32 /* Debug */,
				1AA1A7C319BFEDA0008A4C32 /* Release */,
			);
			defaultConfigurationIsVisible = 0;
			defaultConfigurationName = Release;
		};
		1AA1A7C419BFEDA0008A4C32 /* Build configuration list for PBXNativeTarget "TestUITableView" */ = {
			isa = XCConfigurationList;
			buildConfigurations = (
				1AA1A7C519BFEDA0008A4C32 /* Debug */,
				1AA1A7C619BFEDA0008A4C32 /* Release */,
			);
			defaultConfigurationIsVisible = 0;
		};
		1AA1A7C719BFEDA0008A4C32 /* Build configuration list for PBXNativeTarget "TestUITableViewTests" */ = {
			isa = XCConfigurationList;
			buildConfigurations = (
				1AA1A7C819BFEDA0008A4C32 /* Debug */,
				1AA1A7C919BFEDA0008A4C32 /* Release */,
			);
			defaultConfigurationIsVisible = 0;
		};
/* End XCConfigurationList section */
	};
	rootObject = 1AA1A78A19BFEDA0008A4C32 /* Project object */;
}
